
Microsoft Visual Studio Solution File, Format Version 12.00
# Visual Studio 15
VisualStudioVersion = 15.0.28307.168
MinimumVisualStudioVersion = 10.0.40219.1
Project("{FAE04EC0-301F-11D3-BF4B-00C04F79EFBC}") = "NaviconTestTask", "NaviconTestTask\NaviconTestTask.csproj", "{F68EE34E-A06C-4FDD-9940-87C983075BD0}"
EndProject
Global
	GlobalSection(SolutionConfigurationPlatforms) = preSolution
		Debug|Any CPU = Debug|Any CPU
		Release|Any CPU = Release|Any CPU
	EndGlobalSection
	GlobalSection(ProjectConfigurationPlatforms) = postSolution
		{F68EE34E-A06C-4FDD-9940-87C983075BD0}.Debug|Any CPU.ActiveCfg = Debug|Any CPU
		{F68EE34E-A06C-4FDD-9940-87C983075BD0}.Debug|Any CPU.Build.0 = Debug|Any CPU
		{F68EE34E-A06C-4FDD-9940-87C983075BD0}.Release|Any CPU.ActiveCfg = Release|Any CPU
		{F68EE34E-A06C-4FDD-9940-87C983075BD0}.Release|Any CPU.Build.0 = Release|Any CPU
	EndGlobalSection
	GlobalSection(SolutionProperties) = preSolution
		HideSolutionNode = FALSE
	EndGlobalSection
	GlobalSection(ExtensibilityGlobals) = postSolution
		SolutionGuid = {2FA3E128-A3B7-4E9E-8ED9-1C86ED7DA658}
	EndGlobalSection
EndGlobal
